{
  "pins" : [
    {
      "identity" : "action-button",
      "kind" : "remoteSourceControl",
      "location" : "https://github.com/swiftui-library/action-button",
      "state" : {
        "revision" : "5c5d92a98ca86bf3c0d7bfe43385e44ffea1d554",
        "version" : "1.1.0"
      }
    },
    {
      "identity" : "rive-ios",
      "kind" : "remoteSourceControl",
      "location" : "https://github.com/rive-app/rive-ios",
      "state" : {
        "branch" : "main",
        "revision" : "ffedc47d7d83b31c5ad53dca95b9ffc4eca9bc50"
      }
    }
  ],
  "version" : 2
}
