// !$*UTF8*$!
{
	archiveVersion = 1;
	classes = {
	};
	objectVersion = 56;
	objects = {

/* Begin PBXBuildFile section */
		A510C3F32915B972001EFBDF /* SignInView.swift in Sources */ = {isa = PBXBuildFile; fileRef = A510C3F12915B972001EFBDF /* SignInView.swift */; };
		A510C3F42915B972001EFBDF /* OnboardingView.swift in Sources */ = {isa = PBXBuildFile; fileRef = A510C3F22915B972001EFBDF /* OnboardingView.swift */; };
		A510C3F72915B9A5001EFBDF /* RiveRuntime in Frameworks */ = {isa = PBXBuildFile; productRef = A510C3F62915B9A5001EFBDF /* RiveRuntime */; };
		A510C3FD2915BA2E001EFBDF /* Extensions.swift in Sources */ = {isa = PBXBuildFile; fileRef = A510C3F92915BA2E001EFBDF /* Extensions.swift */; };
		A510C3FE2915BA2E001EFBDF /* CustomButton.swift in Sources */ = {isa = PBXBuildFile; fileRef = A510C3FA2915BA2E001EFBDF /* CustomButton.swift */; };
		A510C3FF2915BA2E001EFBDF /* CustomTextField.swift in Sources */ = {isa = PBXBuildFile; fileRef = A510C3FB2915BA2E001EFBDF /* CustomTextField.swift */; };
		A510C4002915BA2E001EFBDF /* CustomFont.swift in Sources */ = {isa = PBXBuildFile; fileRef = A510C3FC2915BA2E001EFBDF /* CustomFont.swift */; };
		A510C4052915BA3B001EFBDF /* Inter-Regular.ttf in Resources */ = {isa = PBXBuildFile; fileRef = A510C4022915BA3B001EFBDF /* Inter-Regular.ttf */; };
		A510C4062915BA3B001EFBDF /* Poppins-Bold.ttf in Resources */ = {isa = PBXBuildFile; fileRef = A510C4032915BA3B001EFBDF /* Poppins-Bold.ttf */; };
		A510C4072915BA3B001EFBDF /* Inter-SemiBold.ttf in Resources */ = {isa = PBXBuildFile; fileRef = A510C4042915BA3B001EFBDF /* Inter-SemiBold.ttf */; };
		A510C4102915BA53001EFBDF /* house.riv in Resources */ = {isa = PBXBuildFile; fileRef = A510C4092915BA53001EFBDF /* house.riv */; };
		A510C4112915BA53001EFBDF /* confetti.riv in Resources */ = {isa = PBXBuildFile; fileRef = A510C40A2915BA53001EFBDF /* confetti.riv */; };
		A510C4122915BA53001EFBDF /* check.riv in Resources */ = {isa = PBXBuildFile; fileRef = A510C40B2915BA53001EFBDF /* check.riv */; };
		A510C4132915BA53001EFBDF /* menu_button.riv in Resources */ = {isa = PBXBuildFile; fileRef = A510C40C2915BA53001EFBDF /* menu_button.riv */; };
		A510C4142915BA53001EFBDF /* shapes.riv in Resources */ = {isa = PBXBuildFile; fileRef = A510C40D2915BA53001EFBDF /* shapes.riv */; };
		A510C4152915BA53001EFBDF /* button.riv in Resources */ = {isa = PBXBuildFile; fileRef = A510C40E2915BA53001EFBDF /* button.riv */; };
		A510C4162915BA53001EFBDF /* icons.riv in Resources */ = {isa = PBXBuildFile; fileRef = A510C40F2915BA53001EFBDF /* icons.riv */; };
		A510C41E2915C2F4001EFBDF /* VisualEffectBlur.swift in Sources */ = {isa = PBXBuildFile; fileRef = A510C41B2915C2F4001EFBDF /* VisualEffectBlur.swift */; };
		A510C41F2915C2F4001EFBDF /* ImagePicker.swift in Sources */ = {isa = PBXBuildFile; fileRef = A510C41C2915C2F4001EFBDF /* ImagePicker.swift */; };
		A510C4222915EE69001EFBDF /* GradiantText.swift in Sources */ = {isa = PBXBuildFile; fileRef = A510C4212915EE69001EFBDF /* GradiantText.swift */; };
		A510C4242915EEC4001EFBDF /* GradientButton.swift in Sources */ = {isa = PBXBuildFile; fileRef = A510C4232915EEC4001EFBDF /* GradientButton.swift */; };
		A510C4262915EEF9001EFBDF /* TextFieldIcon.swift in Sources */ = {isa = PBXBuildFile; fileRef = A510C4252915EEF9001EFBDF /* TextFieldIcon.swift */; };
		A510C42A29160F5C001EFBDF /* ProfileView.swift in Sources */ = {isa = PBXBuildFile; fileRef = A510C42929160F5C001EFBDF /* ProfileView.swift */; };
		A510C42C29160FE4001EFBDF /* GradientProfilePicture.swift in Sources */ = {isa = PBXBuildFile; fileRef = A510C42B29160FE3001EFBDF /* GradientProfilePicture.swift */; };
		A5181F522923E2A700185CC9 /* UIPilot in Frameworks */ = {isa = PBXBuildFile; productRef = A5181F512923E2A700185CC9 /* UIPilot */; };
		A5397DFF2918221E0011F860 /* Credentials.swift in Sources */ = {isa = PBXBuildFile; fileRef = A5397DFE2918221E0011F860 /* Credentials.swift */; };
		A5397E01291822EF0011F860 /* LoginViewModel.swift in Sources */ = {isa = PBXBuildFile; fileRef = A5397E00291822EF0011F860 /* LoginViewModel.swift */; };
		A5397E03291827F80011F860 /* Authentication.swift in Sources */ = {isa = PBXBuildFile; fileRef = A5397E02291827F80011F860 /* Authentication.swift */; };
		A5419C5C291AA6810035B2D1 /* GrowingBtn.swift in Sources */ = {isa = PBXBuildFile; fileRef = A5419C5B291AA6810035B2D1 /* GrowingBtn.swift */; };
		A5419C62291B005B0035B2D1 /* rating_animation.riv in Resources */ = {isa = PBXBuildFile; fileRef = A5419C61291B005B0035B2D1 /* rating_animation.riv */; };
		A545777529174A47003D5575 /* Animations.swift in Sources */ = {isa = PBXBuildFile; fileRef = A545777429174A47003D5575 /* Animations.swift */; };
		A545777F29174B4A003D5575 /* HomeView.swift in Sources */ = {isa = PBXBuildFile; fileRef = A545777E29174B4A003D5575 /* HomeView.swift */; };
		A545778129174B54003D5575 /* CourseView.swift in Sources */ = {isa = PBXBuildFile; fileRef = A545778029174B54003D5575 /* CourseView.swift */; };
		A545778329174B60003D5575 /* MatchedView.swift in Sources */ = {isa = PBXBuildFile; fileRef = A545778229174B60003D5575 /* MatchedView.swift */; };
		A545778529174B6C003D5575 /* Model.swift in Sources */ = {isa = PBXBuildFile; fileRef = A545778429174B6C003D5575 /* Model.swift */; };
		A545778729174B76003D5575 /* Course.swift in Sources */ = {isa = PBXBuildFile; fileRef = A545778629174B76003D5575 /* Course.swift */; };
		A545778929174D20003D5575 /* CourseItem.swift in Sources */ = {isa = PBXBuildFile; fileRef = A545778829174D20003D5575 /* CourseItem.swift */; };
		A546DEE12912E911000001A5 /* ServiceApi.swift in Sources */ = {isa = PBXBuildFile; fileRef = A546DEE02912E911000001A5 /* ServiceApi.swift */; };
		A546DEE42912EA04000001A5 /* UserModel.swift in Sources */ = {isa = PBXBuildFile; fileRef = A546DEE32912EA04000001A5 /* UserModel.swift */; };
		A57F75C62911D33000E1B96E /* MB_ControlApp.swift in Sources */ = {isa = PBXBuildFile; fileRef = A57F75C52911D33000E1B96E /* MB_ControlApp.swift */; };
		A57F75C82911D33000E1B96E /* ContentView.swift in Sources */ = {isa = PBXBuildFile; fileRef = A57F75C72911D33000E1B96E /* ContentView.swift */; };
		A57F75CA2911D33100E1B96E /* Assets.xcassets in Resources */ = {isa = PBXBuildFile; fileRef = A57F75C92911D33100E1B96E /* Assets.xcassets */; };
		A57F75CD2911D33100E1B96E /* Preview Assets.xcassets in Resources */ = {isa = PBXBuildFile; fileRef = A57F75CC2911D33100E1B96E /* Preview Assets.xcassets */; };
		A57F75D42911D43900E1B96E /* LaunchScreen.storyboard in Resources */ = {isa = PBXBuildFile; fileRef = A57F75D32911D43900E1B96E /* LaunchScreen.storyboard */; };
		A57F75D62911FD8C00E1B96E /* AddView.swift in Sources */ = {isa = PBXBuildFile; fileRef = A57F75D52911FD8C00E1B96E /* AddView.swift */; };
		A599E2F52912B60B00FC09B4 /* PasswordField.swift in Sources */ = {isa = PBXBuildFile; fileRef = A599E2F42912B60B00FC09B4 /* PasswordField.swift */; };
		A599E2F72912CE9700FC09B4 /* ForgotPassword.swift in Sources */ = {isa = PBXBuildFile; fileRef = A599E2F62912CE9700FC09B4 /* ForgotPassword.swift */; };
		A5A74C1E29197D5D00952B80 /* OperationView.swift in Sources */ = {isa = PBXBuildFile; fileRef = A5A74C1D29197D5D00952B80 /* OperationView.swift */; };
		A5A74C2029198E1300952B80 /* NewClient.swift in Sources */ = {isa = PBXBuildFile; fileRef = A5A74C1F29198E1300952B80 /* NewClient.swift */; };
		A5A74C2229198E4500952B80 /* NewPromoter.swift in Sources */ = {isa = PBXBuildFile; fileRef = A5A74C2129198E4500952B80 /* NewPromoter.swift */; };
		A5D6D49E2916B8D6001EF0EE /* Tab.swift in Sources */ = {isa = PBXBuildFile; fileRef = A5D6D49C2916B8D5001EF0EE /* Tab.swift */; };
		A5D6D49F2916B8D6001EF0EE /* TabBar.swift in Sources */ = {isa = PBXBuildFile; fileRef = A5D6D49D2916B8D6001EF0EE /* TabBar.swift */; };
		A5D6D4A12916B95D001EF0EE /* Styles.swift in Sources */ = {isa = PBXBuildFile; fileRef = A5D6D4A02916B95D001EF0EE /* Styles.swift */; };
		A5D6D4A62916C640001EF0EE /* FeaturedItem.swift in Sources */ = {isa = PBXBuildFile; fileRef = A5D6D4A52916C640001EF0EE /* FeaturedItem.swift */; };
		A5D6D4A82916C99E001EF0EE /* PreferenceKeys.swift in Sources */ = {isa = PBXBuildFile; fileRef = A5D6D4A72916C99E001EF0EE /* PreferenceKeys.swift */; };
		A5D6D4AB2916CA18001EF0EE /* NavigationBar.swift in Sources */ = {isa = PBXBuildFile; fileRef = A5D6D4AA2916CA18001EF0EE /* NavigationBar.swift */; };
		A5D6D4AD2916CD28001EF0EE /* AnimatableFontModifier.swift in Sources */ = {isa = PBXBuildFile; fileRef = A5D6D4AC2916CD28001EF0EE /* AnimatableFontModifier.swift */; };
		A5D6D4AF2916CE36001EF0EE /* WrapperView.swift in Sources */ = {isa = PBXBuildFile; fileRef = A5D6D4AE2916CE36001EF0EE /* WrapperView.swift */; };
		A5E31800291AA32000FA5101 /* ReportView.swift in Sources */ = {isa = PBXBuildFile; fileRef = A5E317FF291AA32000FA5101 /* ReportView.swift */; };
		A5F58B1F291960C400B24C97 /* Auth.swift in Sources */ = {isa = PBXBuildFile; fileRef = A5F58B1E291960C400B24C97 /* Auth.swift */; };
		A5F58B21291963B500B24C97 /* SignUp.swift in Sources */ = {isa = PBXBuildFile; fileRef = A5F58B20291963B500B24C97 /* SignUp.swift */; };
		A5FACA6A29252EEA00DC36C2 /* PromoModel.swift in Sources */ = {isa = PBXBuildFile; fileRef = A5FACA6929252EEA00DC36C2 /* PromoModel.swift */; };
/* End PBXBuildFile section */

/* Begin PBXFileReference section */
		A510C3F12915B972001EFBDF /* SignInView.swift */ = {isa = PBXFileReference; fileEncoding = 4; lastKnownFileType = sourcecode.swift; path = SignInView.swift; sourceTree = "<group>"; };
		A510C3F22915B972001EFBDF /* OnboardingView.swift */ = {isa = PBXFileReference; fileEncoding = 4; lastKnownFileType = sourcecode.swift; path = OnboardingView.swift; sourceTree = "<group>"; };
		A510C3F92915BA2E001EFBDF /* Extensions.swift */ = {isa = PBXFileReference; fileEncoding = 4; lastKnownFileType = sourcecode.swift; path = Extensions.swift; sourceTree = "<group>"; };
		A510C3FA2915BA2E001EFBDF /* CustomButton.swift */ = {isa = PBXFileReference; fileEncoding = 4; lastKnownFileType = sourcecode.swift; path = CustomButton.swift; sourceTree = "<group>"; };
		A510C3FB2915BA2E001EFBDF /* CustomTextField.swift */ = {isa = PBXFileReference; fileEncoding = 4; lastKnownFileType = sourcecode.swift; path = CustomTextField.swift; sourceTree = "<group>"; };
		A510C3FC2915BA2E001EFBDF /* CustomFont.swift */ = {isa = PBXFileReference; fileEncoding = 4; lastKnownFileType = sourcecode.swift; path = CustomFont.swift; sourceTree = "<group>"; };
		A510C4022915BA3B001EFBDF /* Inter-Regular.ttf */ = {isa = PBXFileReference; lastKnownFileType = file; path = "Inter-Regular.ttf"; sourceTree = "<group>"; };
		A510C4032915BA3B001EFBDF /* Poppins-Bold.ttf */ = {isa = PBXFileReference; lastKnownFileType = file; path = "Poppins-Bold.ttf"; sourceTree = "<group>"; };
		A510C4042915BA3B001EFBDF /* Inter-SemiBold.ttf */ = {isa = PBXFileReference; lastKnownFileType = file; path = "Inter-SemiBold.ttf"; sourceTree = "<group>"; };
		A510C4092915BA53001EFBDF /* house.riv */ = {isa = PBXFileReference; lastKnownFileType = file; path = house.riv; sourceTree = "<group>"; };
		A510C40A2915BA53001EFBDF /* confetti.riv */ = {isa = PBXFileReference; lastKnownFileType = file; path = confetti.riv; sourceTree = "<group>"; };
		A510C40B2915BA53001EFBDF /* check.riv */ = {isa = PBXFileReference; lastKnownFileType = file; path = check.riv; sourceTree = "<group>"; };
		A510C40C2915BA53001EFBDF /* menu_button.riv */ = {isa = PBXFileReference; lastKnownFileType = file; path = menu_button.riv; sourceTree = "<group>"; };
		A510C40D2915BA53001EFBDF /* shapes.riv */ = {isa = PBXFileReference; lastKnownFileType = file; path = shapes.riv; sourceTree = "<group>"; };
		A510C40E2915BA53001EFBDF /* button.riv */ = {isa = PBXFileReference; lastKnownFileType = file; path = button.riv; sourceTree = "<group>"; };
		A510C40F2915BA53001EFBDF /* icons.riv */ = {isa = PBXFileReference; lastKnownFileType = file; path = icons.riv; sourceTree = "<group>"; };
		A510C4172915BAE1001EFBDF /* Info.plist */ = {isa = PBXFileReference; lastKnownFileType = text.plist; path = Info.plist; sourceTree = "<group>"; };
		A510C41B2915C2F4001EFBDF /* VisualEffectBlur.swift */ = {isa = PBXFileReference; fileEncoding = 4; lastKnownFileType = sourcecode.swift; path = VisualEffectBlur.swift; sourceTree = "<group>"; };
		A510C41C2915C2F4001EFBDF /* ImagePicker.swift */ = {isa = PBXFileReference; fileEncoding = 4; lastKnownFileType = sourcecode.swift; path = ImagePicker.swift; sourceTree = "<group>"; };
		A510C4212915EE69001EFBDF /* GradiantText.swift */ = {isa = PBXFileReference; lastKnownFileType = sourcecode.swift; path = GradiantText.swift; sourceTree = "<group>"; };
		A510C4232915EEC4001EFBDF /* GradientButton.swift */ = {isa = PBXFileReference; lastKnownFileType = sourcecode.swift; path = GradientButton.swift; sourceTree = "<group>"; };
		A510C4252915EEF9001EFBDF /* TextFieldIcon.swift */ = {isa = PBXFileReference; lastKnownFileType = sourcecode.swift; path = TextFieldIcon.swift; sourceTree = "<group>"; };
		A510C42929160F5C001EFBDF /* ProfileView.swift */ = {isa = PBXFileReference; lastKnownFileType = sourcecode.swift; path = ProfileView.swift; sourceTree = "<group>"; };
		A510C42B29160FE3001EFBDF /* GradientProfilePicture.swift */ = {isa = PBXFileReference; fileEncoding = 4; lastKnownFileType = sourcecode.swift; path = GradientProfilePicture.swift; sourceTree = "<group>"; };
		A5397DFE2918221E0011F860 /* Credentials.swift */ = {isa = PBXFileReference; lastKnownFileType = sourcecode.swift; path = Credentials.swift; sourceTree = "<group>"; };
		A5397E00291822EF0011F860 /* LoginViewModel.swift */ = {isa = PBXFileReference; lastKnownFileType = sourcecode.swift; path = LoginViewModel.swift; sourceTree = "<group>"; };
		A5397E02291827F80011F860 /* Authentication.swift */ = {isa = PBXFileReference; lastKnownFileType = sourcecode.swift; path = Authentication.swift; sourceTree = "<group>"; };
		A5419C5B291AA6810035B2D1 /* GrowingBtn.swift */ = {isa = PBXFileReference; lastKnownFileType = sourcecode.swift; path = GrowingBtn.swift; sourceTree = "<group>"; };
		A5419C61291B005B0035B2D1 /* rating_animation.riv */ = {isa = PBXFileReference; lastKnownFileType = file; path = rating_animation.riv; sourceTree = "<group>"; };
		A545777429174A47003D5575 /* Animations.swift */ = {isa = PBXFileReference; fileEncoding = 4; lastKnownFileType = sourcecode.swift; path = Animations.swift; sourceTree = "<group>"; };
		A545777E29174B4A003D5575 /* HomeView.swift */ = {isa = PBXFileReference; fileEncoding = 4; lastKnownFileType = sourcecode.swift; name = HomeView.swift; path = "../../../../../Downloads/SwiftUI iOS 15 Part 2/Xcode Project Course/39. Edge Pan Gesture/DesignCodeiOS15/Views/HomeView.swift"; sourceTree = "<group>"; };
		A545778029174B54003D5575 /* CourseView.swift */ = {isa = PBXFileReference; fileEncoding = 4; lastKnownFileType = sourcecode.swift; name = CourseView.swift; path = "../../../../../Downloads/SwiftUI iOS 15 Part 2/Xcode Project Course/39. Edge Pan Gesture/DesignCodeiOS15/Views/CourseView.swift"; sourceTree = "<group>"; };
		A545778229174B60003D5575 /* MatchedView.swift */ = {isa = PBXFileReference; fileEncoding = 4; lastKnownFileType = sourcecode.swift; name = MatchedView.swift; path = "../../../../../Downloads/SwiftUI iOS 15 Part 2/Xcode Project Course/39. Edge Pan Gesture/DesignCodeiOS15/Views/MatchedView.swift"; sourceTree = "<group>"; };
		A545778429174B6C003D5575 /* Model.swift */ = {isa = PBXFileReference; fileEncoding = 4; lastKnownFileType = sourcecode.swift; name = Model.swift; path = "../../../../../Downloads/SwiftUI iOS 15 Part 2/Xcode Project Course/39. Edge Pan Gesture/DesignCodeiOS15/Model/Model.swift"; sourceTree = "<group>"; };
		A545778629174B76003D5575 /* Course.swift */ = {isa = PBXFileReference; fileEncoding = 4; lastKnownFileType = sourcecode.swift; name = Course.swift; path = "../../../../../Downloads/SwiftUI iOS 15 Part 2/Xcode Project Course/39. Edge Pan Gesture/DesignCodeiOS15/Model/Course.swift"; sourceTree = "<group>"; };
		A545778829174D20003D5575 /* CourseItem.swift */ = {isa = PBXFileReference; fileEncoding = 4; lastKnownFileType = sourcecode.swift; path = CourseItem.swift; sourceTree = "<group>"; };
		A546DEE02912E911000001A5 /* ServiceApi.swift */ = {isa = PBXFileReference; lastKnownFileType = sourcecode.swift; path = ServiceApi.swift; sourceTree = "<group>"; };
		A546DEE32912EA04000001A5 /* UserModel.swift */ = {isa = PBXFileReference; lastKnownFileType = sourcecode.swift; path = UserModel.swift; sourceTree = "<group>"; };
		A57F75C22911D33000E1B96E /* MB-Control.app */ = {isa = PBXFileReference; explicitFileType = wrapper.application; includeInIndex = 0; path = "MB-Control.app"; sourceTree = BUILT_PRODUCTS_DIR; };
		A57F75C52911D33000E1B96E /* MB_ControlApp.swift */ = {isa = PBXFileReference; lastKnownFileType = sourcecode.swift; path = MB_ControlApp.swift; sourceTree = "<group>"; };
		A57F75C72911D33000E1B96E /* ContentView.swift */ = {isa = PBXFileReference; lastKnownFileType = sourcecode.swift; path = ContentView.swift; sourceTree = "<group>"; };
		A57F75C92911D33100E1B96E /* Assets.xcassets */ = {isa = PBXFileReference; lastKnownFileType = folder.assetcatalog; path = Assets.xcassets; sourceTree = "<group>"; };
		A57F75CC2911D33100E1B96E /* Preview Assets.xcassets */ = {isa = PBXFileReference; lastKnownFileType = folder.assetcatalog; path = "Preview Assets.xcassets"; sourceTree = "<group>"; };
		A57F75D32911D43900E1B96E /* LaunchScreen.storyboard */ = {isa = PBXFileReference; lastKnownFileType = file.storyboard; path = LaunchScreen.storyboard; sourceTree = "<group>"; };
		A57F75D52911FD8C00E1B96E /* AddView.swift */ = {isa = PBXFileReference; lastKnownFileType = sourcecode.swift; path = AddView.swift; sourceTree = "<group>"; };
		A599E2F42912B60B00FC09B4 /* PasswordField.swift */ = {isa = PBXFileReference; lastKnownFileType = sourcecode.swift; path = PasswordField.swift; sourceTree = "<group>"; };
		A599E2F62912CE9700FC09B4 /* ForgotPassword.swift */ = {isa = PBXFileReference; lastKnownFileType = sourcecode.swift; path = ForgotPassword.swift; sourceTree = "<group>"; };
		A5A74C1D29197D5D00952B80 /* OperationView.swift */ = {isa = PBXFileReference; lastKnownFileType = sourcecode.swift; path = OperationView.swift; sourceTree = "<group>"; };
		A5A74C1F29198E1300952B80 /* NewClient.swift */ = {isa = PBXFileReference; lastKnownFileType = sourcecode.swift; path = NewClient.swift; sourceTree = "<group>"; };
		A5A74C2129198E4500952B80 /* NewPromoter.swift */ = {isa = PBXFileReference; lastKnownFileType = sourcecode.swift; path = NewPromoter.swift; sourceTree = "<group>"; };
		A5D6D49C2916B8D5001EF0EE /* Tab.swift */ = {isa = PBXFileReference; fileEncoding = 4; lastKnownFileType = sourcecode.swift; path = Tab.swift; sourceTree = "<group>"; };
		A5D6D49D2916B8D6001EF0EE /* TabBar.swift */ = {isa = PBXFileReference; fileEncoding = 4; lastKnownFileType = sourcecode.swift; path = TabBar.swift; sourceTree = "<group>"; };
		A5D6D4A02916B95D001EF0EE /* Styles.swift */ = {isa = PBXFileReference; fileEncoding = 4; lastKnownFileType = sourcecode.swift; path = Styles.swift; sourceTree = "<group>"; };
		A5D6D4A52916C640001EF0EE /* FeaturedItem.swift */ = {isa = PBXFileReference; fileEncoding = 4; lastKnownFileType = sourcecode.swift; path = FeaturedItem.swift; sourceTree = "<group>"; };
		A5D6D4A72916C99E001EF0EE /* PreferenceKeys.swift */ = {isa = PBXFileReference; fileEncoding = 4; lastKnownFileType = sourcecode.swift; path = PreferenceKeys.swift; sourceTree = "<group>"; };
		A5D6D4AA2916CA18001EF0EE /* NavigationBar.swift */ = {isa = PBXFileReference; fileEncoding = 4; lastKnownFileType = sourcecode.swift; path = NavigationBar.swift; sourceTree = "<group>"; };
		A5D6D4AC2916CD28001EF0EE /* AnimatableFontModifier.swift */ = {isa = PBXFileReference; fileEncoding = 4; lastKnownFileType = sourcecode.swift; path = AnimatableFontModifier.swift; sourceTree = "<group>"; };
		A5D6D4AE2916CE36001EF0EE /* WrapperView.swift */ = {isa = PBXFileReference; lastKnownFileType = sourcecode.swift; path = WrapperView.swift; sourceTree = "<group>"; };
		A5E317FF291AA32000FA5101 /* ReportView.swift */ = {isa = PBXFileReference; lastKnownFileType = sourcecode.swift; path = ReportView.swift; sourceTree = "<group>"; };
		A5F58B1E291960C400B24C97 /* Auth.swift */ = {isa = PBXFileReference; lastKnownFileType = sourcecode.swift; path = Auth.swift; sourceTree = "<group>"; };
		A5F58B20291963B500B24C97 /* SignUp.swift */ = {isa = PBXFileReference; lastKnownFileType = sourcecode.swift; path = SignUp.swift; sourceTree = "<group>"; };
		A5FACA6929252EEA00DC36C2 /* PromoModel.swift */ = {isa = PBXFileReference; lastKnownFileType = sourcecode.swift; path = PromoModel.swift; sourceTree = "<group>"; };
/* End PBXFileReference section */

/* Begin PBXFrameworksBuildPhase section */
		A57F75BF2911D33000E1B96E /* Frameworks */ = {
			isa = PBXFrameworksBuildPhase;
			buildActionMask = 2147483647;
			files = (
				A510C3F72915B9A5001EFBDF /* RiveRuntime in Frameworks */,
				A5181F522923E2A700185CC9 /* UIPilot in Frameworks */,
			);
			runOnlyForDeploymentPostprocessing = 0;
		};
/* End PBXFrameworksBuildPhase section */

/* Begin PBXGroup section */
		A510C3F02915B972001EFBDF /* Views */ = {
			isa = PBXGroup;
			children = (
				A599E2F62912CE9700FC09B4 /* ForgotPassword.swift */,
				A5A74C1F29198E1300952B80 /* NewClient.swift */,
				A5A74C2129198E4500952B80 /* NewPromoter.swift */,
				A5F58B20291963B500B24C97 /* SignUp.swift */,
				A510C42929160F5C001EFBDF /* ProfileView.swift */,
				A545777E29174B4A003D5575 /* HomeView.swift */,
				A545778229174B60003D5575 /* MatchedView.swift */,
				A510C4232915EEC4001EFBDF /* GradientButton.swift */,
				A545778029174B54003D5575 /* CourseView.swift */,
				A5A74C1D29197D5D00952B80 /* OperationView.swift */,
				A510C4252915EEF9001EFBDF /* TextFieldIcon.swift */,
				A510C3F12915B972001EFBDF /* SignInView.swift */,
				A510C3F22915B972001EFBDF /* OnboardingView.swift */,
				A510C4212915EE69001EFBDF /* GradiantText.swift */,
				A5D6D4AE2916CE36001EF0EE /* WrapperView.swift */,
				A5397E02291827F80011F860 /* Authentication.swift */,
				A5E317FF291AA32000FA5101 /* ReportView.swift */,
			);
			path = Views;
			sourceTree = "<group>";
		};
		A510C3F82915BA15001EFBDF /* Utils */ = {
			isa = PBXGroup;
			children = (
				A510C3FA2915BA2E001EFBDF /* CustomButton.swift */,
				A510C42B29160FE3001EFBDF /* GradientProfilePicture.swift */,
				A5D6D4AC2916CD28001EF0EE /* AnimatableFontModifier.swift */,
				A510C3FC2915BA2E001EFBDF /* CustomFont.swift */,
				A545777429174A47003D5575 /* Animations.swift */,
				A5D6D4A02916B95D001EF0EE /* Styles.swift */,
				A510C3FB2915BA2E001EFBDF /* CustomTextField.swift */,
				A510C3F92915BA2E001EFBDF /* Extensions.swift */,
				A5F58B1E291960C400B24C97 /* Auth.swift */,
				A5419C5B291AA6810035B2D1 /* GrowingBtn.swift */,
			);
			path = Utils;
			sourceTree = "<group>";
		};
		A510C4012915BA3B001EFBDF /* Fonts */ = {
			isa = PBXGroup;
			children = (
				A510C4022915BA3B001EFBDF /* Inter-Regular.ttf */,
				A510C4032915BA3B001EFBDF /* Poppins-Bold.ttf */,
				A510C4042915BA3B001EFBDF /* Inter-SemiBold.ttf */,
			);
			path = Fonts;
			sourceTree = "<group>";
		};
		A510C4082915BA53001EFBDF /* RiveAssets */ = {
			isa = PBXGroup;
			children = (
				A510C4092915BA53001EFBDF /* house.riv */,
				A510C40A2915BA53001EFBDF /* confetti.riv */,
				A510C40B2915BA53001EFBDF /* check.riv */,
				A5419C61291B005B0035B2D1 /* rating_animation.riv */,
				A510C40C2915BA53001EFBDF /* menu_button.riv */,
				A510C40D2915BA53001EFBDF /* shapes.riv */,
				A510C40E2915BA53001EFBDF /* button.riv */,
				A510C40F2915BA53001EFBDF /* icons.riv */,
			);
			path = RiveAssets;
			sourceTree = "<group>";
		};
		A510C41A2915C2F4001EFBDF /* Helpers */ = {
			isa = PBXGroup;
			children = (
				A510C41B2915C2F4001EFBDF /* VisualEffectBlur.swift */,
				A510C41C2915C2F4001EFBDF /* ImagePicker.swift */,
			);
			path = Helpers;
			sourceTree = "<group>";
		};
		A546DEDF2912E8F3000001A5 /* services */ = {
			isa = PBXGroup;
			children = (
				A546DEE02912E911000001A5 /* ServiceApi.swift */,
			);
			path = services;
			sourceTree = "<group>";
		};
		A546DEE22912E9E1000001A5 /* Models */ = {
			isa = PBXGroup;
			children = (
				A5397DFE2918221E0011F860 /* Credentials.swift */,
				A545778629174B76003D5575 /* Course.swift */,
				A5D6D49C2916B8D5001EF0EE /* Tab.swift */,
				A545778829174D20003D5575 /* CourseItem.swift */,
				A5D6D4A72916C99E001EF0EE /* PreferenceKeys.swift */,
				A545778429174B6C003D5575 /* Model.swift */,
				A546DEE32912EA04000001A5 /* UserModel.swift */,
				A5397E00291822EF0011F860 /* LoginViewModel.swift */,
				A5FACA6929252EEA00DC36C2 /* PromoModel.swift */,
			);
			path = Models;
			sourceTree = "<group>";
		};
		A57F75B92911D33000E1B96E = {
			isa = PBXGroup;
			children = (
				A57F75C42911D33000E1B96E /* MB-Control */,
				A57F75C32911D33000E1B96E /* Products */,
			);
			sourceTree = "<group>";
		};
		A57F75C32911D33000E1B96E /* Products */ = {
			isa = PBXGroup;
			children = (
				A57F75C22911D33000E1B96E /* MB-Control.app */,
			);
			name = Products;
			sourceTree = "<group>";
		};
		A57F75C42911D33000E1B96E /* MB-Control */ = {
			isa = PBXGroup;
			children = (
				A510C4172915BAE1001EFBDF /* Info.plist */,
				A5D6D4A42916C626001EF0EE /* Components */,
				A5D6D4A92916C9CD001EF0EE /* Navigation */,
				A510C3F02915B972001EFBDF /* Views */,
				A57F75C52911D33000E1B96E /* MB_ControlApp.swift */,
				A57F75C72911D33000E1B96E /* ContentView.swift */,
				A599E2F42912B60B00FC09B4 /* PasswordField.swift */,
				A57F75D52911FD8C00E1B96E /* AddView.swift */,
				A57F75C92911D33100E1B96E /* Assets.xcassets */,
				A510C41A2915C2F4001EFBDF /* Helpers */,
				A510C3F82915BA15001EFBDF /* Utils */,
				A510C4082915BA53001EFBDF /* RiveAssets */,
				A510C4012915BA3B001EFBDF /* Fonts */,
				A57F75CB2911D33100E1B96E /* Preview Content */,
				A57F75D32911D43900E1B96E /* LaunchScreen.storyboard */,
				A546DEE22912E9E1000001A5 /* Models */,
				A546DEDF2912E8F3000001A5 /* services */,
			);
			path = "MB-Control";
			sourceTree = "<group>";
		};
		A57F75CB2911D33100E1B96E /* Preview Content */ = {
			isa = PBXGroup;
			children = (
				A57F75CC2911D33100E1B96E /* Preview Assets.xcassets */,
			);
			path = "Preview Content";
			sourceTree = "<group>";
		};
		A5D6D4A42916C626001EF0EE /* Components */ = {
			isa = PBXGroup;
			children = (
				A5D6D4A52916C640001EF0EE /* FeaturedItem.swift */,
			);
			path = Components;
			sourceTree = "<group>";
		};
		A5D6D4A92916C9CD001EF0EE /* Navigation */ = {
			isa = PBXGroup;
			children = (
				A5D6D49D2916B8D6001EF0EE /* TabBar.swift */,
				A5D6D4AA2916CA18001EF0EE /* NavigationBar.swift */,
			);
			name = Navigation;
			path = Views;
			sourceTree = "<group>";
		};
/* End PBXGroup section */

/* Begin PBXNativeTarget section */
		A57F75C12911D33000E1B96E /* MB-Control */ = {
			isa = PBXNativeTarget;
			buildConfigurationList = A57F75D02911D33100E1B96E /* Build configuration list for PBXNativeTarget "MB-Control" */;
			buildPhases = (
				A57F75BE2911D33000E1B96E /* Sources */,
				A57F75BF2911D33000E1B96E /* Frameworks */,
				A57F75C02911D33000E1B96E /* Resources */,
			);
			buildRules = (
			);
			dependencies = (
			);
			name = "MB-Control";
			packageProductDependencies = (
				A510C3F62915B9A5001EFBDF /* RiveRuntime */,
				A5181F512923E2A700185CC9 /* UIPilot */,
			);
			productName = "MB-Control";
			productReference = A57F75C22911D33000E1B96E /* MB-Control.app */;
			productType = "com.apple.product-type.application";
		};
/* End PBXNativeTarget section */

/* Begin PBXProject section */
		A57F75BA2911D33000E1B96E /* Project object */ = {
			isa = PBXProject;
			attributes = {
				BuildIndependentTargetsInParallel = 1;
				LastSwiftUpdateCheck = 1400;
				LastUpgradeCheck = 1400;
				TargetAttributes = {
					A57F75C12911D33000E1B96E = {
						CreatedOnToolsVersion = 14.0.1;
					};
				};
			};
			buildConfigurationList = A57F75BD2911D33000E1B96E /* Build configuration list for PBXProject "MB-Control" */;
			compatibilityVersion = "Xcode 14.0";
			developmentRegion = en;
			hasScannedForEncodings = 0;
			knownRegions = (
				en,
				Base,
			);
			mainGroup = A57F75B92911D33000E1B96E;
			packageReferences = (
				A599E2F12912AB1B00FC09B4 /* XCRemoteSwiftPackageReference "action-button" */,
				A510C3F52915B9A5001EFBDF /* XCRemoteSwiftPackageReference "rive-ios" */,
				A5181F502923E2A700185CC9 /* XCRemoteSwiftPackageReference "UIPilot" */,
			);
			productRefGroup = A57F75C32911D33000E1B96E /* Products */;
			projectDirPath = "";
			projectRoot = "";
			targets = (
				A57F75C12911D33000E1B96E /* MB-Control */,
			);
		};
/* End PBXProject section */

/* Begin PBXResourcesBuildPhase section */
		A57F75C02911D33000E1B96E /* Resources */ = {
			isa = PBXResourcesBuildPhase;
			buildActionMask = 2147483647;
			files = (
				A510C4122915BA53001EFBDF /* check.riv in Resources */,
				A510C4072915BA3B001EFBDF /* Inter-SemiBold.ttf in Resources */,
				A57F75D42911D43900E1B96E /* LaunchScreen.storyboard in Resources */,
				A57F75CD2911D33100E1B96E /* Preview Assets.xcassets in Resources */,
				A510C4142915BA53001EFBDF /* shapes.riv in Resources */,
				A510C4132915BA53001EFBDF /* menu_button.riv in Resources */,
				A510C4162915BA53001EFBDF /* icons.riv in Resources */,
				A510C4062915BA3B001EFBDF /* Poppins-Bold.ttf in Resources */,
				A510C4102915BA53001EFBDF /* house.riv in Resources */,
				A5419C62291B005B0035B2D1 /* rating_animation.riv in Resources */,
				A510C4052915BA3B001EFBDF /* Inter-Regular.ttf in Resources */,
				A510C4152915BA53001EFBDF /* button.riv in Resources */,
				A57F75CA2911D33100E1B96E /* Assets.xcassets in Resources */,
				A510C4112915BA53001EFBDF /* confetti.riv in Resources */,
			);
			runOnlyForDeploymentPostprocessing = 0;
		};
/* End PBXResourcesBuildPhase section */

/* Begin PBXSourcesBuildPhase section */
		A57F75BE2911D33000E1B96E /* Sources */ = {
			isa = PBXSourcesBuildPhase;
			buildActionMask = 2147483647;
			files = (
				A57F75C82911D33000E1B96E /* ContentView.swift in Sources */,
				A546DEE42912EA04000001A5 /* UserModel.swift in Sources */,
				A599E2F52912B60B00FC09B4 /* PasswordField.swift in Sources */,
				A5D6D4A82916C99E001EF0EE /* PreferenceKeys.swift in Sources */,
				A545777F29174B4A003D5575 /* HomeView.swift in Sources */,
				A545777529174A47003D5575 /* Animations.swift in Sources */,
				A5D6D4A12916B95D001EF0EE /* Styles.swift in Sources */,
				A510C42C29160FE4001EFBDF /* GradientProfilePicture.swift in Sources */,
				A545778529174B6C003D5575 /* Model.swift in Sources */,
				A5FACA6A29252EEA00DC36C2 /* PromoModel.swift in Sources */,
				A5D6D4AD2916CD28001EF0EE /* AnimatableFontModifier.swift in Sources */,
				A5D6D49E2916B8D6001EF0EE /* Tab.swift in Sources */,
				A5397E03291827F80011F860 /* Authentication.swift in Sources */,
				A510C4002915BA2E001EFBDF /* CustomFont.swift in Sources */,
				A510C3F42915B972001EFBDF /* OnboardingView.swift in Sources */,
				A5D6D4AB2916CA18001EF0EE /* NavigationBar.swift in Sources */,
				A5A74C2029198E1300952B80 /* NewClient.swift in Sources */,
				A546DEE12912E911000001A5 /* ServiceApi.swift in Sources */,
				A510C3FD2915BA2E001EFBDF /* Extensions.swift in Sources */,
				A510C41E2915C2F4001EFBDF /* VisualEffectBlur.swift in Sources */,
				A57F75C62911D33000E1B96E /* MB_ControlApp.swift in Sources */,
				A510C3FE2915BA2E001EFBDF /* CustomButton.swift in Sources */,
				A510C3FF2915BA2E001EFBDF /* CustomTextField.swift in Sources */,
				A5419C5C291AA6810035B2D1 /* GrowingBtn.swift in Sources */,
				A545778129174B54003D5575 /* CourseView.swift in Sources */,
				A510C42A29160F5C001EFBDF /* ProfileView.swift in Sources */,
				A57F75D62911FD8C00E1B96E /* AddView.swift in Sources */,
				A545778729174B76003D5575 /* Course.swift in Sources */,
				A545778329174B60003D5575 /* MatchedView.swift in Sources */,
				A5F58B1F291960C400B24C97 /* Auth.swift in Sources */,
				A510C4222915EE69001EFBDF /* GradiantText.swift in Sources */,
				A510C41F2915C2F4001EFBDF /* ImagePicker.swift in Sources */,
				A5F58B21291963B500B24C97 /* SignUp.swift in Sources */,
				A5D6D4A62916C640001EF0EE /* FeaturedItem.swift in Sources */,
				A510C4262915EEF9001EFBDF /* TextFieldIcon.swift in Sources */,
				A5397E01291822EF0011F860 /* LoginViewModel.swift in Sources */,
				A510C3F32915B972001EFBDF /* SignInView.swift in Sources */,
				A5A74C1E29197D5D00952B80 /* OperationView.swift in Sources */,
				A5A74C2229198E4500952B80 /* NewPromoter.swift in Sources */,
				A5397DFF2918221E0011F860 /* Credentials.swift in Sources */,
				A5E31800291AA32000FA5101 /* ReportView.swift in Sources */,
				A510C4242915EEC4001EFBDF /* GradientButton.swift in Sources */,
				A545778929174D20003D5575 /* CourseItem.swift in Sources */,
				A599E2F72912CE9700FC09B4 /* ForgotPassword.swift in Sources */,
				A5D6D4AF2916CE36001EF0EE /* WrapperView.swift in Sources */,
				A5D6D49F2916B8D6001EF0EE /* TabBar.swift in Sources */,
			);
			runOnlyForDeploymentPostprocessing = 0;
		};
/* End PBXSourcesBuildPhase section */

/* Begin XCBuildConfiguration section */
		A57F75CE2911D33100E1B96E /* Debug */ = {
			isa = XCBuildConfiguration;
			buildSettings = {
				ALWAYS_SEARCH_USER_PATHS = NO;
				CLANG_ANALYZER_NONNULL = YES;
				CLANG_ANALYZER_NUMBER_OBJECT_CONVERSION = YES_AGGRESSIVE;
				CLANG_CXX_LANGUAGE_STANDARD = "gnu++20";
				CLANG_ENABLE_MODULES = YES;
				CLANG_ENABLE_OBJC_ARC = YES;
				CLANG_ENABLE_OBJC_WEAK = YES;
				CLANG_WARN_BLOCK_CAPTURE_AUTORELEASING = YES;
				CLANG_WARN_BOOL_CONVERSION = YES;
				CLANG_WARN_COMMA = YES;
				CLANG_WARN_CONSTANT_CONVERSION = YES;
				CLANG_WARN_DEPRECATED_OBJC_IMPLEMENTATIONS = YES;
				CLANG_WARN_DIRECT_OBJC_ISA_USAGE = YES_ERROR;
				CLANG_WARN_DOCUMENTATION_COMMENTS = YES;
				CLANG_WARN_EMPTY_BODY = YES;
				CLANG_WARN_ENUM_CONVERSION = YES;
				CLANG_WARN_INFINITE_RECURSION = YES;
				CLANG_WARN_INT_CONVERSION = YES;
				CLANG_WARN_NON_LITERAL_NULL_CONVERSION = YES;
				CLANG_WARN_OBJC_IMPLICIT_RETAIN_SELF = YES;
				CLANG_WARN_OBJC_LITERAL_CONVERSION = YES;
				CLANG_WARN_OBJC_ROOT_CLASS = YES_ERROR;
				CLANG_WARN_QUOTED_INCLUDE_IN_FRAMEWORK_HEADER = YES;
				CLANG_WARN_RANGE_LOOP_ANALYSIS = YES;
				CLANG_WARN_STRICT_PROTOTYPES = YES;
				CLANG_WARN_SUSPICIOUS_MOVE = YES;
				CLANG_WARN_UNGUARDED_AVAILABILITY = YES_AGGRESSIVE;
				CLANG_WARN_UNREACHABLE_CODE = YES;
				CLANG_WARN__DUPLICATE_METHOD_MATCH = YES;
				COPY_PHASE_STRIP = NO;
				DEBUG_INFORMATION_FORMAT = dwarf;
				ENABLE_STRICT_OBJC_MSGSEND = YES;
				ENABLE_TESTABILITY = YES;
				GCC_C_LANGUAGE_STANDARD = gnu11;
				GCC_DYNAMIC_NO_PIC = NO;
				GCC_NO_COMMON_BLOCKS = YES;
				GCC_OPTIMIZATION_LEVEL = 0;
				GCC_PREPROCESSOR_DEFINITIONS = (
					"DEBUG=1",
					"$(inherited)",
				);
				GCC_WARN_64_TO_32_BIT_CONVERSION = YES;
				GCC_WARN_ABOUT_RETURN_TYPE = YES_ERROR;
				GCC_WARN_UNDECLARED_SELECTOR = YES;
				GCC_WARN_UNINITIALIZED_AUTOS = YES_AGGRESSIVE;
				GCC_WARN_UNUSED_FUNCTION = YES;
				GCC_WARN_UNUSED_VARIABLE = YES;
				IPHONEOS_DEPLOYMENT_TARGET = 16.0;
				MTL_ENABLE_DEBUG_INFO = INCLUDE_SOURCE;
				MTL_FAST_MATH = YES;
				ONLY_ACTIVE_ARCH = YES;
				SDKROOT = iphoneos;
				SWIFT_ACTIVE_COMPILATION_CONDITIONS = DEBUG;
				SWIFT_OPTIMIZATION_LEVEL = "-Onone";
			};
			name = Debug;
		};
		A57F75CF2911D33100E1B96E /* Release */ = {
			isa = XCBuildConfiguration;
			buildSettings = {
				ALWAYS_SEARCH_USER_PATHS = NO;
				CLANG_ANALYZER_NONNULL = YES;
				CLANG_ANALYZER_NUMBER_OBJECT_CONVERSION = YES_AGGRESSIVE;
				CLANG_CXX_LANGUAGE_STANDARD = "gnu++20";
				CLANG_ENABLE_MODULES = YES;
				CLANG_ENABLE_OBJC_ARC = YES;
				CLANG_ENABLE_OBJC_WEAK = YES;
				CLANG_WARN_BLOCK_CAPTURE_AUTORELEASING = YES;
				CLANG_WARN_BOOL_CONVERSION = YES;
				CLANG_WARN_COMMA = YES;
				CLANG_WARN_CONSTANT_CONVERSION = YES;
				CLANG_WARN_DEPRECATED_OBJC_IMPLEMENTATIONS = YES;
				CLANG_WARN_DIRECT_OBJC_ISA_USAGE = YES_ERROR;
				CLANG_WARN_DOCUMENTATION_COMMENTS = YES;
				CLANG_WARN_EMPTY_BODY = YES;
				CLANG_WARN_ENUM_CONVERSION = YES;
				CLANG_WARN_INFINITE_RECURSION = YES;
				CLANG_WARN_INT_CONVERSION = YES;
				CLANG_WARN_NON_LITERAL_NULL_CONVERSION = YES;
				CLANG_WARN_OBJC_IMPLICIT_RETAIN_SELF = YES;
				CLANG_WARN_OBJC_LITERAL_CONVERSION = YES;
				CLANG_WARN_OBJC_ROOT_CLASS = YES_ERROR;
				CLANG_WARN_QUOTED_INCLUDE_IN_FRAMEWORK_HEADER = YES;
				CLANG_WARN_RANGE_LOOP_ANALYSIS = YES;
				CLANG_WARN_STRICT_PROTOTYPES = YES;
				CLANG_WARN_SUSPICIOUS_MOVE = YES;
				CLANG_WARN_UNGUARDED_AVAILABILITY = YES_AGGRESSIVE;
				CLANG_WARN_UNREACHABLE_CODE = YES;
				CLANG_WARN__DUPLICATE_METHOD_MATCH = YES;
				COPY_PHASE_STRIP = NO;
				DEBUG_INFORMATION_FORMAT = "dwarf-with-dsym";
				ENABLE_NS_ASSERTIONS = NO;
				ENABLE_STRICT_OBJC_MSGSEND = YES;
				GCC_C_LANGUAGE_STANDARD = gnu11;
				GCC_NO_COMMON_BLOCKS = YES;
				GCC_WARN_64_TO_32_BIT_CONVERSION = YES;
				GCC_WARN_ABOUT_RETURN_TYPE = YES_ERROR;
				GCC_WARN_UNDECLARED_SELECTOR = YES;
				GCC_WARN_UNINITIALIZED_AUTOS = YES_AGGRESSIVE;
				GCC_WARN_UNUSED_FUNCTION = YES;
				GCC_WARN_UNUSED_VARIABLE = YES;
				IPHONEOS_DEPLOYMENT_TARGET = 16.0;
				MTL_ENABLE_DEBUG_INFO = NO;
				MTL_FAST_MATH = YES;
				SDKROOT = iphoneos;
				SWIFT_COMPILATION_MODE = wholemodule;
				SWIFT_OPTIMIZATION_LEVEL = "-O";
				VALIDATE_PRODUCT = YES;
			};
			name = Release;
		};
		A57F75D12911D33100E1B96E /* Debug */ = {
			isa = XCBuildConfiguration;
			buildSettings = {
				ASSETCATALOG_COMPILER_APPICON_NAME = AppIcon;
				ASSETCATALOG_COMPILER_GLOBAL_ACCENT_COLOR_NAME = AccentColor;
				CODE_SIGN_STYLE = Automatic;
				CURRENT_PROJECT_VERSION = 1;
				DEVELOPMENT_ASSET_PATHS = "\"MB-Control/Preview Content\"";
				DEVELOPMENT_TEAM = B4ZH43MY8B;
				ENABLE_PREVIEWS = YES;
				GENERATE_INFOPLIST_FILE = YES;
				INFOPLIST_FILE = "MB-Control/Info.plist";
				INFOPLIST_KEY_LSApplicationCategoryType = "";
				INFOPLIST_KEY_UIApplicationSceneManifest_Generation = YES;
				INFOPLIST_KEY_UIApplicationSupportsIndirectInputEvents = YES;
				INFOPLIST_KEY_UILaunchStoryboardName = LaunchScreen.storyboard;
				INFOPLIST_KEY_UISupportedInterfaceOrientations = UIInterfaceOrientationPortrait;
				IPHONEOS_DEPLOYMENT_TARGET = 15.0;
				LD_RUNPATH_SEARCH_PATHS = (
					"$(inherited)",
					"@executable_path/Frameworks",
				);
				MARKETING_VERSION = 1.2;
				PRODUCT_BUNDLE_IDENTIFIER = "com.ayjf.MB-Control";
				PRODUCT_NAME = "$(TARGET_NAME)";
				SUPPORTED_PLATFORMS = "iphoneos iphonesimulator";
				SUPPORTS_MACCATALYST = NO;
				SUPPORTS_MAC_DESIGNED_FOR_IPHONE_IPAD = NO;
				SWIFT_EMIT_LOC_STRINGS = YES;
				SWIFT_VERSION = 5.0;
				TARGETED_DEVICE_FAMILY = 1;
			};
			name = Debug;
		};
		A57F75D22911D33100E1B96E /* Release */ = {
			isa = XCBuildConfiguration;
			buildSettings = {
				ASSETCATALOG_COMPILER_APPICON_NAME = AppIcon;
				ASSETCATALOG_COMPILER_GLOBAL_ACCENT_COLOR_NAME = AccentColor;
				CODE_SIGN_STYLE = Automatic;
				CURRENT_PROJECT_VERSION = 1;
				DEVELOPMENT_ASSET_PATHS = "\"MB-Control/Preview Content\"";
				DEVELOPMENT_TEAM = B4ZH43MY8B;
				ENABLE_PREVIEWS = YES;
				GENERATE_INFOPLIST_FILE = YES;
				INFOPLIST_FILE = "MB-Control/Info.plist";
				INFOPLIST_KEY_LSApplicationCategoryType = "";
				INFOPLIST_KEY_UIApplicationSceneManifest_Generation = YES;
				INFOPLIST_KEY_UIApplicationSupportsIndirectInputEvents = YES;
				INFOPLIST_KEY_UILaunchStoryboardName = LaunchScreen.storyboard;
				INFOPLIST_KEY_UISupportedInterfaceOrientations = UIInterfaceOrientationPortrait;
				IPHONEOS_DEPLOYMENT_TARGET = 15.0;
				LD_RUNPATH_SEARCH_PATHS = (
					"$(inherited)",
					"@executable_path/Frameworks",
				);
				MARKETING_VERSION = 1.2;
				PRODUCT_BUNDLE_IDENTIFIER = "com.ayjf.MB-Control";
				PRODUCT_NAME = "$(TARGET_NAME)";
				SUPPORTED_PLATFORMS = "iphoneos iphonesimulator";
				SUPPORTS_MACCATALYST = NO;
				SUPPORTS_MAC_DESIGNED_FOR_IPHONE_IPAD = NO;
				SWIFT_EMIT_LOC_STRINGS = YES;
				SWIFT_VERSION = 5.0;
				TARGETED_DEVICE_FAMILY = 1;
			};
			name = Release;
		};
/* End XCBuildConfiguration section */

/* Begin XCConfigurationList section */
		A57F75BD2911D33000E1B96E /* Build configuration list for PBXProject "MB-Control" */ = {
			isa = XCConfigurationList;
			buildConfigurations = (
				A57F75CE2911D33100E1B96E /* Debug */,
				A57F75CF2911D33100E1B96E /* Release */,
			);
			defaultConfigurationIsVisible = 0;
			defaultConfigurationName = Release;
		};
		A57F75D02911D33100E1B96E /* Build configuration list for PBXNativeTarget "MB-Control" */ = {
			isa = XCConfigurationList;
			buildConfigurations = (
				A57F75D12911D33100E1B96E /* Debug */,
				A57F75D22911D33100E1B96E /* Release */,
			);
			defaultConfigurationIsVisible = 0;
			defaultConfigurationName = Release;
		};
/* End XCConfigurationList section */

/* Begin XCRemoteSwiftPackageReference section */
		A510C3F52915B9A5001EFBDF /* XCRemoteSwiftPackageReference "rive-ios" */ = {
			isa = XCRemoteSwiftPackageReference;
			repositoryURL = "https://github.com/rive-app/rive-ios";
			requirement = {
				branch = main;
				kind = branch;
			};
		};
		A5181F502923E2A700185CC9 /* XCRemoteSwiftPackageReference "UIPilot" */ = {
			isa = XCRemoteSwiftPackageReference;
			repositoryURL = "https://github.com/canopas/UIPilot.git";
			requirement = {
				branch = main;
				kind = branch;
			};
		};
		A599E2F12912AB1B00FC09B4 /* XCRemoteSwiftPackageReference "action-button" */ = {
			isa = XCRemoteSwiftPackageReference;
			repositoryURL = "https://github.com/swiftui-library/action-button";
			requirement = {
				kind = upToNextMajorVersion;
				minimumVersion = 1.0.0;
			};
		};
/* End XCRemoteSwiftPackageReference section */

/* Begin XCSwiftPackageProductDependency section */
		A510C3F62915B9A5001EFBDF /* RiveRuntime */ = {
			isa = XCSwiftPackageProductDependency;
			package = A510C3F52915B9A5001EFBDF /* XCRemoteSwiftPackageReference "rive-ios" */;
			productName = RiveRuntime;
		};
		A5181F512923E2A700185CC9 /* UIPilot */ = {
			isa = XCSwiftPackageProductDependency;
			package = A5181F502923E2A700185CC9 /* XCRemoteSwiftPackageReference "UIPilot" */;
			productName = UIPilot;
		};
/* End XCSwiftPackageProductDependency section */
	};
	rootObject = A57F75BA2911D33000E1B96E /* Project object */;
}
